// !$*UTF8*$!
{
	archiveVersion = 1;
	classes = {
	};
	objectVersion = 50;
	objects = {

/* Begin PBXBuildFile section */
		62822E8623AD659800B19C61 /* AppDelegate.swift in Sources */ = {isa = PBXBuildFile; fileRef = 62822E8523AD659800B19C61 /* AppDelegate.swift */; };
		62822E8823AD659800B19C61 /* SceneDelegate.swift in Sources */ = {isa = PBXBuildFile; fileRef = 62822E8723AD659800B19C61 /* SceneDelegate.swift */; };
		62822E8A23AD659800B19C61 /* ViewController.swift in Sources */ = {isa = PBXBuildFile; fileRef = 62822E8923AD659800B19C61 /* ViewController.swift */; };
		62822E8D23AD659800B19C61 /* Main.storyboard in Resources */ = {isa = PBXBuildFile; fileRef = 62822E8B23AD659800B19C61 /* Main.storyboard */; };
		62822E8F23AD659A00B19C61 /* Assets.xcassets in Resources */ = {isa = PBXBuildFile; fileRef = 62822E8E23AD659A00B19C61 /* Assets.xcassets */; };
		62822E9223AD659A00B19C61 /* LaunchScreen.storyboard in Resources */ = {isa = PBXBuildFile; fileRef = 62822E9023AD659A00B19C61 /* LaunchScreen.storyboard */; };
		62822E9D23AD659A00B19C61 /* MyFirstAppTests.swift in Sources */ = {isa = PBXBuildFile; fileRef = 62822E9C23AD659A00B19C61 /* MyFirstAppTests.swift */; };
		62822EA823AD659A00B19C61 /* MyFirstAppUITests.swift in Sources */ = {isa = PBXBuildFile; fileRef = 62822EA723AD659A00B19C61 /* MyFirstAppUITests.swift */; };
/* End PBXBuildFile section */

/* Begin PBXContainerItemProxy section */
		62822E9923AD659A00B19C61 /* PBXContainerItemProxy */ = {
			isa = PBXContainerItemProxy;
			containerPortal = 62822E7A23AD659800B19C61 /* Project object */;
			proxyType = 1;
			remoteGlobalIDString = 62822E8123AD659800B19C61;
			remoteInfo = MyFirstApp;
		};
		62822EA423AD659A00B19C61 /* PBXContainerItemProxy */ = {
			isa = PBXContainerItemProxy;
			containerPortal = 62822E7A23AD659800B19C61 /* Project object */;
			proxyType = 1;
			remoteGlobalIDString = 62822E8123AD659800B19C61;
			remoteInfo = MyFirstApp;
		};
/* End PBXContainerItemProxy section */

/* Begin PBXFileReference section */
		62822E8223AD659800B19C61 /* MyFirstApp.app */ = {isa = PBXFileReference; explicitFileType = wrapper.application; includeInIndex = 0; path = MyFirstApp.app; sourceTree = BUILT_PRODUCTS_DIR; };
		62822E8523AD659800B19C61 /* AppDelegate.swift */ = {isa = PBXFileReference; lastKnownFileType = sourcecode.swift; path = AppDelegate.swift; sourceTree = "<group>"; };
		62822E8723AD659800B19C61 /* SceneDelegate.swift */ = {isa = PBXFileReference; lastKnownFileType = sourcecode.swift; path = SceneDelegate.swift; sourceTree = "<group>"; };
		62822E8923AD659800B19C61 /* ViewController.swift */ = {isa = PBXFileReference; lastKnownFileType = sourcecode.swift; path = ViewController.swift; sourceTree = "<group>"; };
		62822E8C23AD659800B19C61 /* Base */ = {isa = PBXFileReference; lastKnownFileType = file.storyboard; name = Base; path = Base.lproj/Main.storyboard; sourceTree = "<group>"; };
		62822E8E23AD659A00B19C61 /* Assets.xcassets */ = {isa = PBXFileReference; lastKnownFileType = folder.assetcatalog; path = Assets.xcassets; sourceTree = "<group>"; };
		62822E9123AD659A00B19C61 /* Base */ = {isa = PBXFileReference; lastKnownFileType = file.storyboard; name = Base; path = Base.lproj/LaunchScreen.storyboard; sourceTree = "<group>"; };
		62822E9323AD659A00B19C61 /* Info.plist */ = {isa = PBXFileReference; lastKnownFileType = text.plist.xml; path = Info.plist; sourceTree = "<group>"; };
		62822E9823AD659A00B19C61 /* MyFirstAppTests.xctest */ = {isa = PBXFileReference; explicitFileType = wrapper.cfbundle; includeInIndex = 0; path = MyFirstAppTests.xctest; sourceTree = BUILT_PRODUCTS_DIR; };
		62822E9C23AD659A00B19C61 /* MyFirstAppTests.swift */ = {isa = PBXFileReference; lastKnownFileType = sourcecode.swift; path = MyFirstAppTests.swift; sourceTree = "<group>"; };
		62822E9E23AD659A00B19C61 /* Info.plist */ = {isa = PBXFileReference; lastKnownFileType = text.plist.xml; path = Info.plist; sourceTree = "<group>"; };
		62822EA323AD659A00B19C61 /* MyFirstAppUITests.xctest */ = {isa = PBXFileReference; explicitFileType = wrapper.cfbundle; includeInIndex = 0; path = MyFirstAppUITests.xctest; sourceTree = BUILT_PRODUCTS_DIR; };
		62822EA723AD659A00B19C61 /* MyFirstAppUITests.swift */ = {isa = PBXFileReference; lastKnownFileType = sourcecode.swift; path = MyFirstAppUITests.swift; sourceTree = "<group>"; };
		62822EA923AD659A00B19C61 /* Info.plist */ = {isa = PBXFileReference; lastKnownFileType = text.plist.xml; path = Info.plist; sourceTree = "<group>"; };
/* End PBXFileReference section */

/* Begin PBXFrameworksBuildPhase section */
		62822E7F23AD659800B19C61 /* Frameworks */ = {
			isa = PBXFrameworksBuildPhase;
			buildActionMask = 2147483647;
			files = (
			);
			runOnlyForDeploymentPostprocessing = 0;
		};
		62822E9523AD659A00B19C61 /* Frameworks */ = {
			isa = PBXFrameworksBuildPhase;
			buildActionMask = 2147483647;
			files = (
			);
			runOnlyForDeploymentPostprocessing = 0;
		};
		62822EA023AD659A00B19C61 /* Frameworks */ = {
			isa = PBXFrameworksBuildPhase;
			buildActionMask = 2147483647;
			files = (
			);
			runOnlyForDeploymentPostprocessing = 0;
		};
/* End PBXFrameworksBuildPhase section */

/* Begin PBXGroup section */
		62822E7923AD659800B19C61 = {
			isa = PBXGroup;
			children = (
				62822E8423AD659800B19C61 /* MyFirstApp */,
				62822E9B23AD659A00B19C61 /* MyFirstAppTests */,
				62822EA623AD659A00B19C61 /* MyFirstAppUITests */,
				62822E8323AD659800B19C61 /* Products */,
			);
			sourceTree = "<group>";
		};
		62822E8323AD659800B19C61 /* Products */ = {
			isa = PBXGroup;
			children = (
				62822E8223AD659800B19C61 /* MyFirstApp.app */,
				62822E9823AD659A00B19C61 /* MyFirstAppTests.xctest */,
				62822EA323AD659A00B19C61 /* MyFirstAppUITests.xctest */,
			);
			name = Products;
			sourceTree = "<group>";
		};
		62822E8423AD659800B19C61 /* MyFirstApp */ = {
			isa = PBXGroup;
			children = (
				62822E8523AD659800B19C61 /* AppDelegate.swift */,
				62822E8723AD659800B19C61 /* SceneDelegate.swift */,
				62822E8923AD659800B19C61 /* ViewController.swift */,
				62822E8B23AD659800B19C61 /* Main.storyboard */,
				62822E8E23AD659A00B19C61 /* Assets.xcassets */,
				62822E9023AD659A00B19C61 /* LaunchScreen.storyboard */,
				62822E9323AD659A00B19C61 /* Info.plist */,
			);
			path = MyFirstApp;
			sourceTree = "<group>";
		};
		62822E9B23AD659A00B19C61 /* MyFirstAppTests */ = {
			isa = PBXGroup;
			children = (
				62822E9C23AD659A00B19C61 /* MyFirstAppTests.swift */,
				62822E9E23AD659A00B19C61 /* Info.plist */,
			);
			path = MyFirstAppTests;
			sourceTree = "<group>";
		};
		62822EA623AD659A00B19C61 /* MyFirstAppUITests */ = {
			isa = PBXGroup;
			children = (
				62822EA723AD659A00B19C61 /* MyFirstAppUITests.swift */,
				62822EA923AD659A00B19C61 /* Info.plist */,
			);
			path = MyFirstAppUITests;
			sourceTree = "<group>";
		};
/* End PBXGroup section */

/* Begin PBXNativeTarget section */
		62822E8123AD659800B19C61 /* MyFirstApp */ = {
			isa = PBXNativeTarget;
			buildConfigurationList = 62822EAC23AD659A00B19C61 /* Build configuration list for PBXNativeTarget "MyFirstApp" */;
			buildPhases = (
				62822E7E23AD659800B19C61 /* Sources */,
				62822E7F23AD659800B19C61 /* Frameworks */,
				62822E8023AD659800B19C61 /* Resources */,
			);
			buildRules = (
			);
			dependencies = (
			);
			name = MyFirstApp;
			productName = MyFirstApp;
			productReference = 62822E8223AD659800B19C61 /* MyFirstApp.app */;
			productType = "com.apple.product-type.application";
		};
		62822E9723AD659A00B19C61 /* MyFirstAppTests */ = {
			isa = PBXNativeTarget;
			buildConfigurationList = 62822EAF23AD659A00B19C61 /* Build configuration list for PBXNativeTarget "MyFirstAppTests" */;
			buildPhases = (
				62822E9423AD659A00B19C61 /* Sources */,
				62822E9523AD659A00B19C61 /* Frameworks */,
				62822E9623AD659A00B19C61 /* Resources */,
			);
			buildRules = (
			);
			dependencies = (
				62822E9A23AD659A00B19C61 /* PBXTargetDependency */,
			);
			name = MyFirstAppTests;
			productName = MyFirstAppTests;
			productReference = 62822E9823AD659A00B19C61 /* MyFirstAppTests.xctest */;
			productType = "com.apple.product-type.bundle.unit-test";
		};
		62822EA223AD659A00B19C61 /* MyFirstAppUITests */ = {
			isa = PBXNativeTarget;
			buildConfigurationList = 62822EB223AD659A00B19C61 /* Build configuration list for PBXNativeTarget "MyFirstAppUITests" */;
			buildPhases = (
				62822E9F23AD659A00B19C61 /* Sources */,
				62822EA023AD659A00B19C61 /* Frameworks */,
				62822EA123AD659A00B19C61 /* Resources */,
			);
			buildRules = (
			);
			dependencies = (
				62822EA523AD659A00B19C61 /* PBXTargetDependency */,
			);
			name = MyFirstAppUITests;
			productName = MyFirstAppUITests;
			productReference = 62822EA323AD659A00B19C61 /* MyFirstAppUITests.xctest */;
			productType = "com.apple.product-type.bundle.ui-testing";
		};
/* End PBXNativeTarget section */

/* Begin PBXProject section */
		62822E7A23AD659800B19C61 /* Project object */ = {
			isa = PBXProject;
			attributes = {
				LastSwiftUpdateCheck = 1120;
				LastUpgradeCheck = 1120;
				ORGANIZATIONNAME = Alberto;
				TargetAttributes = {
					62822E8123AD659800B19C61 = {
						CreatedOnToolsVersion = 11.2.1;
					};
					62822E9723AD659A00B19C61 = {
						CreatedOnToolsVersion = 11.2.1;
						TestTargetID = 62822E8123AD659800B19C61;
					};
					62822EA223AD659A00B19C61 = {
						CreatedOnToolsVersion = 11.2.1;
						TestTargetID = 62822E8123AD659800B19C61;
					};
				};
			};
			buildConfigurationList = 62822E7D23AD659800B19C61 /* Build configuration list for PBXProject "MyFirstApp" */;
			compatibilityVersion = "Xcode 9.3";
			developmentRegion = en;
			hasScannedForEncodings = 0;
			knownRegions = (
				en,
				Base,
			);
			mainGroup = 62822E7923AD659800B19C61;
			productRefGroup = 62822E8323AD659800B19C61 /* Products */;
			projectDirPath = "";
			projectRoot = "";
			targets = (
				62822E8123AD659800B19C61 /* MyFirstApp */,
				62822E9723AD659A00B19C61 /* MyFirstAppTests */,
				62822EA223AD659A00B19C61 /* MyFirstAppUITests */,
			);
		};
/* End PBXProject section */

/* Begin PBXResourcesBuildPhase section */
		62822E8023AD659800B19C61 /* Resources */ = {
			isa = PBXResourcesBuildPhase;
			buildActionMask = 2147483647;
			files = (
				62822E9223AD659A00B19C61 /* LaunchScreen.storyboard in Resources */,
				62822E8F23AD659A00B19C61 /* Assets.xcassets in Resources */,
				62822E8D23AD659800B19C61 /* Main.storyboard in Resources */,
			);
			runOnlyForDeploymentPostprocessing = 0;
		};
		62822E9623AD659A00B19C61 /* Resources */ = {
			isa = PBXResourcesBuildPhase;
			buildActionMask = 2147483647;
			files = (
			);
			runOnlyForDeploymentPostprocessing = 0;
		};
		62822EA123AD659A00B19C61 /* Resources */ = {
			isa = PBXResourcesBuildPhase;
			buildActionMask = 2147483647;
			files = (
			);
			runOnlyForDeploymentPostprocessing = 0;
		};
/* End PBXResourcesBuildPhase section */

/* Begin PBXSourcesBuildPhase section */
		62822E7E23AD659800B19C61 /* Sources */ = {
			isa = PBXSourcesBuildPhase;
			buildActionMask = 2147483647;
			files = (
				62822E8A23AD659800B19C61 /* ViewController.swift in Sources */,
				62822E8623AD659800B19C61 /* AppDelegate.swift in Sources */,
				62822E8823AD659800B19C61 /* SceneDelegate.swift in Sources */,
			);
			runOnlyForDeploymentPostprocessing = 0;
		};
		62822E9423AD659A00B19C61 /* Sources */ = {
			isa = PBXSourcesBuildPhase;
			buildActionMask = 2147483647;
			files = (
				62822E9D23AD659A00B19C61 /* MyFirstAppTests.swift in Sources */,
			);
			runOnlyForDeploymentPostprocessing = 0;
		};
		62822E9F23AD659A00B19C61 /* Sources */ = {
			isa = PBXSourcesBuildPhase;
			buildActionMask = 2147483647;
			files = (
				62822EA823AD659A00B19C61 /* MyFirstAppUITests.swift in Sources */,
			);
			runOnlyForDeploymentPostprocessing = 0;
		};
/* End PBXSourcesBuildPhase section */

/* Begin PBXTargetDependency section */
		62822E9A23AD659A00B19C61 /* PBXTargetDependency */ = {
			isa = PBXTargetDependency;
			target = 62822E8123AD659800B19C61 /* MyFirstApp */;
			targetProxy = 62822E9923AD659A00B19C61 /* PBXContainerItemProxy */;
		};
		62822EA523AD659A00B19C61 /* PBXTargetDependency */ = {
			isa = PBXTargetDependency;
			target = 62822E8123AD659800B19C61 /* MyFirstApp */;
			targetProxy = 62822EA423AD659A00B19C61 /* PBXContainerItemProxy */;
		};
/* End PBXTargetDependency section */

/* Begin PBXVariantGroup section */
		62822E8B23AD659800B19C61 /* Main.storyboard */ = {
			isa = PBXVariantGroup;
			children = (
				62822E8C23AD659800B19C61 /* Base */,
			);
			name = Main.storyboard;
			sourceTree = "<group>";
		};
		62822E9023AD659A00B19C61 /* LaunchScreen.storyboard */ = {
			isa = PBXVariantGroup;
			children = (
				62822E9123AD659A00B19C61 /* Base */,
			);
			name = LaunchScreen.storyboard;
			sourceTree = "<group>";
		};
/* End PBXVariantGroup section */

/* Begin XCBuildConfiguration section */
		62822EAA23AD659A00B19C61 /* Debug */ = {
			isa = XCBuildConfiguration;
			buildSettings = {
				ALWAYS_SEARCH_USER_PATHS = NO;
				CLANG_ANALYZER_NONNULL = YES;
				CLANG_ANALYZER_NUMBER_OBJECT_CONVERSION = YES_AGGRESSIVE;
				CLANG_CXX_LANGUAGE_STANDARD = "gnu++14";
				CLANG_CXX_LIBRARY = "libc++";
				CLANG_ENABLE_MODULES = YES;
				CLANG_ENABLE_OBJC_ARC = YES;
				CLANG_ENABLE_OBJC_WEAK = YES;
				CLANG_WARN_BLOCK_CAPTURE_AUTORELEASING = YES;
				CLANG_WARN_BOOL_CONVERSION = YES;
				CLANG_WARN_COMMA = YES;
				CLANG_WARN_CONSTANT_CONVERSION = YES;
				CLANG_WARN_DEPRECATED_OBJC_IMPLEMENTATIONS = YES;
				CLANG_WARN_DIRECT_OBJC_ISA_USAGE = YES_ERROR;
				CLANG_WARN_DOCUMENTATION_COMMENTS = YES;
				CLANG_WARN_EMPTY_BODY = YES;
				CLANG_WARN_ENUM_CONVERSION = YES;
				CLANG_WARN_INFINITE_RECURSION = YES;
				CLANG_WARN_INT_CONVERSION = YES;
				CLANG_WARN_NON_LITERAL_NULL_CONVERSION = YES;
				CLANG_WARN_OBJC_IMPLICIT_RETAIN_SELF = YES;
				CLANG_WARN_OBJC_LITERAL_CONVERSION = YES;
				CLANG_WARN_OBJC_ROOT_CLASS = YES_ERROR;
				CLANG_WARN_RANGE_LOOP_ANALYSIS = YES;
				CLANG_WARN_STRICT_PROTOTYPES = YES;
				CLANG_WARN_SUSPICIOUS_MOVE = YES;
				CLANG_WARN_UNGUARDED_AVAILABILITY = YES_AGGRESSIVE;
				CLANG_WARN_UNREACHABLE_CODE = YES;
				CLANG_WARN__DUPLICATE_METHOD_MATCH = YES;
				COPY_PHASE_STRIP = NO;
				DEBUG_INFORMATION_FORMAT = dwarf;
				ENABLE_STRICT_OBJC_MSGSEND = YES;
				ENABLE_TESTABILITY = YES;
				GCC_C_LANGUAGE_STANDARD = gnu11;
				GCC_DYNAMIC_NO_PIC = NO;
				GCC_NO_COMMON_BLOCKS = YES;
				GCC_OPTIMIZATION_LEVEL = 0;
				GCC_PREPROCESSOR_DEFINITIONS = (
					"DEBUG=1",
					"$(inherited)",
				);
				GCC_WARN_64_TO_32_BIT_CONVERSION = YES;
				GCC_WARN_ABOUT_RETURN_TYPE = YES_ERROR;
				GCC_WARN_UNDECLARED_SELECTOR = YES;
				GCC_WARN_UNINITIALIZED_AUTOS = YES_AGGRESSIVE;
				GCC_WARN_UNUSED_FUNCTION = YES;
				GCC_WARN_UNUSED_VARIABLE = YES;
				IPHONEOS_DEPLOYMENT_TARGET = 13.2;
				MTL_ENABLE_DEBUG_INFO = INCLUDE_SOURCE;
				MTL_FAST_MATH = YES;
				ONLY_ACTIVE_ARCH = YES;
				SDKROOT = iphoneos;
				SWIFT_ACTIVE_COMPILATION_CONDITIONS = DEBUG;
				SWIFT_OPTIMIZATION_LEVEL = "-Onone";
			};
			name = Debug;
		};
		62822EAB23AD659A00B19C61 /* Release */ = {
			isa = XCBuildConfiguration;
			buildSettings = {
				ALWAYS_SEARCH_USER_PATHS = NO;
				CLANG_ANALYZER_NONNULL = YES;
				CLANG_ANALYZER_NUMBER_OBJECT_CONVERSION = YES_AGGRESSIVE;
				CLANG_CXX_LANGUAGE_STANDARD = "gnu++14";
				CLANG_CXX_LIBRARY = "libc++";
				CLANG_ENABLE_MODULES = YES;
				CLANG_ENABLE_OBJC_ARC = YES;
				CLANG_ENABLE_OBJC_WEAK = YES;
				CLANG_WARN_BLOCK_CAPTURE_AUTORELEASING = YES;
				CLANG_WARN_BOOL_CONVERSION = YES;
				CLANG_WARN_COMMA = YES;
				CLANG_WARN_CONSTANT_CONVERSION = YES;
				CLANG_WARN_DEPRECATED_OBJC_IMPLEMENTATIONS = YES;
				CLANG_WARN_DIRECT_OBJC_ISA_USAGE = YES_ERROR;
				CLANG_WARN_DOCUMENTATION_COMMENTS = YES;
				CLANG_WARN_EMPTY_BODY = YES;
				CLANG_WARN_ENUM_CONVERSION = YES;
				CLANG_WARN_INFINITE_RECURSION = YES;
				CLANG_WARN_INT_CONVERSION = YES;
				CLANG_WARN_NON_LITERAL_NULL_CONVERSION = YES;
				CLANG_WARN_OBJC_IMPLICIT_RETAIN_SELF = YES;
				CLANG_WARN_OBJC_LITERAL_CONVERSION = YES;
				CLANG_WARN_OBJC_ROOT_CLASS = YES_ERROR;
				CLANG_WARN_RANGE_LOOP_ANALYSIS = YES;
				CLANG_WARN_STRICT_PROTOTYPES = YES;
				CLANG_WARN_SUSPICIOUS_MOVE = YES;
				CLANG_WARN_UNGUARDED_AVAILABILITY = YES_AGGRESSIVE;
				CLANG_WARN_UNREACHABLE_CODE = YES;
				CLANG_WARN__DUPLICATE_METHOD_MATCH = YES;
				COPY_PHASE_STRIP = NO;
				DEBUG_INFORMATION_FORMAT = "dwarf-with-dsym";
				ENABLE_NS_ASSERTIONS = NO;
				ENABLE_STRICT_OBJC_MSGSEND = YES;
				GCC_C_LANGUAGE_STANDARD = gnu11;
				GCC_NO_COMMON_BLOCKS = YES;
				GCC_WARN_64_TO_32_BIT_CONVERSION = YES;
				GCC_WARN_ABOUT_RETURN_TYPE = YES_ERROR;
				GCC_WARN_UNDECLARED_SELECTOR = YES;
				GCC_WARN_UNINITIALIZED_AUTOS = YES_AGGRESSIVE;
				GCC_WARN_UNUSED_FUNCTION = YES;
				GCC_WARN_UNUSED_VARIABLE = YES;
				IPHONEOS_DEPLOYMENT_TARGET = 13.2;
				MTL_ENABLE_DEBUG_INFO = NO;
				MTL_FAST_MATH = YES;
				SDKROOT = iphoneos;
				SWIFT_COMPILATION_MODE = wholemodule;
				SWIFT_OPTIMIZATION_LEVEL = "-O";
				VALIDATE_PRODUCT = YES;
			};
			name = Release;
		};
		62822EAD23AD659A00B19C61 /* Debug */ = {
			isa = XCBuildConfiguration;
			buildSettings = {
				ASSETCATALOG_COMPILER_APPICON_NAME = AppIcon;
				CODE_SIGN_STYLE = Automatic;
				DEVELOPMENT_TEAM = 57K8FZD3QL;
				INFOPLIST_FILE = MyFirstApp/Info.plist;
				LD_RUNPATH_SEARCH_PATHS = (
					"$(inherited)",
					"@executable_path/Frameworks",
				);
				PRODUCT_BUNDLE_IDENTIFIER = alberslash.MyFirstApp;
				PRODUCT_NAME = "$(TARGET_NAME)";
				SWIFT_VERSION = 5.0;
				TARGETED_DEVICE_FAMILY = "1,2";
			};
			name = Debug;
		};
		62822EAE23AD659A00B19C61 /* Release */ = {
			isa = XCBuildConfiguration;
			buildSettings = {
				ASSETCATALOG_COMPILER_APPICON_NAME = AppIcon;
				CODE_SIGN_STYLE = Automatic;
				DEVELOPMENT_TEAM = 57K8FZD3QL;
				INFOPLIST_FILE = MyFirstApp/Info.plist;
				LD_RUNPATH_SEARCH_PATHS = (
					"$(inherited)",
					"@executable_path/Frameworks",
				);
				PRODUCT_BUNDLE_IDENTIFIER = alberslash.MyFirstApp;
				PRODUCT_NAME = "$(TARGET_NAME)";
				SWIFT_VERSION = 5.0;
				TARGETED_DEVICE_FAMILY = "1,2";
			};
			name = Release;
		};
		62822EB023AD659A00B19C61 /* Debug */ = {
			isa = XCBuildConfiguration;
			buildSettings = {
				ALWAYS_EMBED_SWIFT_STANDARD_LIBRARIES = YES;
				BUNDLE_LOADER = "$(TEST_HOST)";
				CODE_SIGN_STYLE = Automatic;
				DEVELOPMENT_TEAM = 57K8FZD3QL;
				INFOPLIST_FILE = MyFirstAppTests/Info.plist;
				IPHONEOS_DEPLOYMENT_TARGET = 13.2;
				LD_RUNPATH_SEARCH_PATHS = (
					"$(inherited)",
					"@executable_path/Frameworks",
					"@loader_path/Frameworks",
				);
				PRODUCT_BUNDLE_IDENTIFIER = alberslash.MyFirstAppTests;
				PRODUCT_NAME = "$(TARGET_NAME)";
				SWIFT_VERSION = 5.0;
				TARGETED_DEVICE_FAMILY = "1,2";
				TEST_HOST = "$(BUILT_PRODUCTS_DIR)/MyFirstApp.app/MyFirstApp";
			};
			name = Debug;
		};
		62822EB123AD659A00B19C61 /* Release */ = {
			isa = XCBuildConfiguration;
			buildSettings = {
				ALWAYS_EMBED_SWIFT_STANDARD_LIBRARIES = YES;
				BUNDLE_LOADER = "$(TEST_HOST)";
				CODE_SIGN_STYLE = Automatic;
				DEVELOPMENT_TEAM = 57K8FZD3QL;
				INFOPLIST_FILE = MyFirstAppTests/Info.plist;
				IPHONEOS_DEPLOYMENT_TARGET = 13.2;
				LD_RUNPATH_SEARCH_PATHS = (
					"$(inherited)",
					"@executable_path/Frameworks",
					"@loader_path/Frameworks",
				);
				PRODUCT_BUNDLE_IDENTIFIER = alberslash.MyFirstAppTests;
				PRODUCT_NAME = "$(TARGET_NAME)";
				SWIFT_VERSION = 5.0;
				TARGETED_DEVICE_FAMILY = "1,2";
				TEST_HOST = "$(BUILT_PRODUCTS_DIR)/MyFirstApp.app/MyFirstApp";
			};
			name = Release;
		};
		62822EB323AD659A00B19C61 /* Debug */ = {
			isa = XCBuildConfiguration;
			buildSettings = {
				ALWAYS_EMBED_SWIFT_STANDARD_LIBRARIES = YES;
				CODE_SIGN_STYLE = Automatic;
				DEVELOPMENT_TEAM = 57K8FZD3QL;
				INFOPLIST_FILE = MyFirstAppUITests/Info.plist;
				LD_RUNPATH_SEARCH_PATHS = (
					"$(inherited)",
					"@executable_path/Frameworks",
					"@loader_path/Frameworks",
				);
				PRODUCT_BUNDLE_IDENTIFIER = alberslash.MyFirstAppUITests;
				PRODUCT_NAME = "$(TARGET_NAME)";
				SWIFT_VERSION = 5.0;
				TARGETED_DEVICE_FAMILY = "1,2";
				TEST_TARGET_NAME = MyFirstApp;
			};
			name = Debug;
		};
		62822EB423AD659A00B19C61 /* Release */ = {
			isa = XCBuildConfiguration;
			buildSettings = {
				ALWAYS_EMBED_SWIFT_STANDARD_LIBRARIES = YES;
				CODE_SIGN_STYLE = Automatic;
				DEVELOPMENT_TEAM = 57K8FZD3QL;
				INFOPLIST_FILE = MyFirstAppUITests/Info.plist;
				LD_RUNPATH_SEARCH_PATHS = (
					"$(inherited)",
					"@executable_path/Frameworks",
					"@loader_path/Frameworks",
				);
				PRODUCT_BUNDLE_IDENTIFIER = alberslash.MyFirstAppUITests;
				PRODUCT_NAME = "$(TARGET_NAME)";
				SWIFT_VERSION = 5.0;
				TARGETED_DEVICE_FAMILY = "1,2";
				TEST_TARGET_NAME = MyFirstApp;
			};
			name = Release;
		};
/* End XCBuildConfiguration section */

/* Begin XCConfigurationList section */
		62822E7D23AD659800B19C61 /* Build configuration list for PBXProject "MyFirstApp" */ = {
			isa = XCConfigurationList;
			buildConfigurations = (
				62822EAA23AD659A00B19C61 /* Debug */,
				62822EAB23AD659A00B19C61 /* Release */,
			);
			defaultConfigurationIsVisible = 0;
			defaultConfigurationName = Release;
		};
		62822EAC23AD659A00B19C61 /* Build configuration list for PBXNativeTarget "MyFirstApp" */ = {
			isa = XCConfigurationList;
			buildConfigurations = (
				62822EAD23AD659A00B19C61 /* Debug */,
				62822EAE23AD659A00B19C61 /* Release */,
			);
			defaultConfigurationIsVisible = 0;
			defaultConfigurationName = Release;
		};
		62822EAF23AD659A00B19C61 /* Build configuration list for PBXNativeTarget "MyFirstAppTests" */ = {
			isa = XCConfigurationList;
			buildConfigurations = (
				62822EB023AD659A00B19C61 /* Debug */,
				62822EB123AD659A00B19C61 /* Release */,
			);
			defaultConfigurationIsVisible = 0;
			defaultConfigurationName = Release;
		};
		62822EB223AD659A00B19C61 /* Build configuration list for PBXNativeTarget "MyFirstAppUITests" */ = {
			isa = XCConfigurationList;
			buildConfigurations = (
				62822EB323AD659A00B19C61 /* Debug */,
				62822EB423AD659A00B19C61 /* Release */,
			);
			defaultConfigurationIsVisible = 0;
			defaultConfigurationName = Release;
		};
/* End XCConfigurationList section */
	};
	rootObject = 62822E7A23AD659800B19C61 /* Project object */;
}
